
Microsoft Visual Studio Solution File, Format Version 12.00
# Visual Studio Version 17
VisualStudioVersion = 17.4.33205.214
MinimumVisualStudioVersion = 10.0.40219.1
Project("{FAE04EC0-301F-11D3-BF4B-00C04F79EFBC}") = "TeamAssignments", "TeamAssignments\TeamAssignments.csproj", "{6569B410-1909-48D0-8595-5FBD8D93FA4E}"
EndProject
Global
	GlobalSection(SolutionConfigurationPlatforms) = preSolution
		Debug|Any CPU = Debug|Any CPU
		Release|Any CPU = Release|Any CPU
	EndGlobalSection
	GlobalSection(ProjectConfigurationPlatforms) = postSolution
		{6569B410-1909-48D0-8595-5FBD8D93FA4E}.Debug|Any CPU.ActiveCfg = Debug|Any CPU
		{6569B410-1909-48D0-8595-5FBD8D93FA4E}.Debug|Any CPU.Build.0 = Debug|Any CPU
		{6569B410-1909-48D0-8595-5FBD8D93FA4E}.Release|Any CPU.ActiveCfg = Release|Any CPU
		{6569B410-1909-48D0-8595-5FBD8D93FA4E}.Release|Any CPU.Build.0 = Release|Any CPU
	EndGlobalSection
	GlobalSection(SolutionProperties) = preSolution
		HideSolutionNode = FALSE
	EndGlobalSection
	GlobalSection(ExtensibilityGlobals) = postSolution
		SolutionGuid = {8F8A263F-64A1-4A6D-B66A-1243ADD15670}
	EndGlobalSection
EndGlobal
